
Microsoft Visual Studio Solution File, Format Version 12.00
# Visual Studio Version 17
VisualStudioVersion = 17.14.36414.22 d17.14
MinimumVisualStudioVersion = 10.0.40219.1
Project("{FAE04EC0-301F-11D3-BF4B-00C04F79EFBC}") = "aula 4 - Metodos e correcao ficha", "aula 4 - Metodos e correcao ficha.csproj", "{B88F1C1F-F021-4AA1-8B00-EF2F68F47AC3}"
EndProject
Global
	GlobalSection(SolutionConfigurationPlatforms) = preSolution
		Debug|Any CPU = Debug|Any CPU
		Release|Any CPU = Release|Any CPU
	EndGlobalSection
	GlobalSection(ProjectConfigurationPlatforms) = postSolution
		{B88F1C1F-F021-4AA1-8B00-EF2F68F47AC3}.Debug|Any CPU.ActiveCfg = Debug|Any CPU
		{B88F1C1F-F021-4AA1-8B00-EF2F68F47AC3}.Debug|Any CPU.Build.0 = Debug|Any CPU
		{B88F1C1F-F021-4AA1-8B00-EF2F68F47AC3}.Release|Any CPU.ActiveCfg = Release|Any CPU
		{B88F1C1F-F021-4AA1-8B00-EF2F68F47AC3}.Release|Any CPU.Build.0 = Release|Any CPU
	EndGlobalSection
	GlobalSection(SolutionProperties) = preSolution
		HideSolutionNode = FALSE
	EndGlobalSection
	GlobalSection(ExtensibilityGlobals) = postSolution
		SolutionGuid = {663180C7-7D6A-4916-A101-F530C67DE306}
	EndGlobalSection
EndGlobal
